// !$*UTF8*$!
{
	archiveVersion = 1;
	classes = {
	};
	objectVersion = 50;
	objects = {

/* Begin PBXBuildFile section */
		504C537E264CD0DB00C640E5 /* time_counterApp.swift in Sources */ = {isa = PBXBuildFile; fileRef = 504C537D264CD0DB00C640E5 /* time_counterApp.swift */; };
		504C5380264CD0DB00C640E5 /* ContentView.swift in Sources */ = {isa = PBXBuildFile; fileRef = 504C537F264CD0DB00C640E5 /* ContentView.swift */; };
		504C5382264CD0DD00C640E5 /* Assets.xcassets in Resources */ = {isa = PBXBuildFile; fileRef = 504C5381264CD0DD00C640E5 /* Assets.xcassets */; };
		504C5385264CD0DD00C640E5 /* Preview Assets.xcassets in Resources */ = {isa = PBXBuildFile; fileRef = 504C5384264CD0DD00C640E5 /* Preview Assets.xcassets */; };
		504C5387264CD0DD00C640E5 /* Persistence.swift in Sources */ = {isa = PBXBuildFile; fileRef = 504C5386264CD0DD00C640E5 /* Persistence.swift */; };
		504C538A264CD0DD00C640E5 /* time_counter.xcdatamodeld in Sources */ = {isa = PBXBuildFile; fileRef = 504C5388264CD0DD00C640E5 /* time_counter.xcdatamodeld */; };
/* End PBXBuildFile section */

/* Begin PBXFileReference section */
		504C537A264CD0DB00C640E5 /* time-counter.app */ = {isa = PBXFileReference; explicitFileType = wrapper.application; includeInIndex = 0; path = "time-counter.app"; sourceTree = BUILT_PRODUCTS_DIR; };
		504C537D264CD0DB00C640E5 /* time_counterApp.swift */ = {isa = PBXFileReference; lastKnownFileType = sourcecode.swift; path = time_counterApp.swift; sourceTree = "<group>"; };
		504C537F264CD0DB00C640E5 /* ContentView.swift */ = {isa = PBXFileReference; lastKnownFileType = sourcecode.swift; path = ContentView.swift; sourceTree = "<group>"; };
		504C5381264CD0DD00C640E5 /* Assets.xcassets */ = {isa = PBXFileReference; lastKnownFileType = folder.assetcatalog; path = Assets.xcassets; sourceTree = "<group>"; };
		504C5384264CD0DD00C640E5 /* Preview Assets.xcassets */ = {isa = PBXFileReference; lastKnownFileType = folder.assetcatalog; path = "Preview Assets.xcassets"; sourceTree = "<group>"; };
		504C5386264CD0DD00C640E5 /* Persistence.swift */ = {isa = PBXFileReference; lastKnownFileType = sourcecode.swift; path = Persistence.swift; sourceTree = "<group>"; };
		504C5389264CD0DD00C640E5 /* time_counter.xcdatamodel */ = {isa = PBXFileReference; lastKnownFileType = wrapper.xcdatamodel; path = time_counter.xcdatamodel; sourceTree = "<group>"; };
		504C538B264CD0DD00C640E5 /* Info.plist */ = {isa = PBXFileReference; lastKnownFileType = text.plist.xml; path = Info.plist; sourceTree = "<group>"; };
/* End PBXFileReference section */

/* Begin PBXFrameworksBuildPhase section */
		504C5377264CD0DB00C640E5 /* Frameworks */ = {
			isa = PBXFrameworksBuildPhase;
			buildActionMask = 2147483647;
			files = (
			);
			runOnlyForDeploymentPostprocessing = 0;
		};
/* End PBXFrameworksBuildPhase section */

/* Begin PBXGroup section */
		504C5371264CD0DB00C640E5 = {
			isa = PBXGroup;
			children = (
				504C537C264CD0DB00C640E5 /* time-counter */,
				504C537B264CD0DB00C640E5 /* Products */,
			);
			sourceTree = "<group>";
		};
		504C537B264CD0DB00C640E5 /* Products */ = {
			isa = PBXGroup;
			children = (
				504C537A264CD0DB00C640E5 /* time-counter.app */,
			);
			name = Products;
			sourceTree = "<group>";
		};
		504C537C264CD0DB00C640E5 /* time-counter */ = {
			isa = PBXGroup;
			children = (
				504C537D264CD0DB00C640E5 /* time_counterApp.swift */,
				504C537F264CD0DB00C640E5 /* ContentView.swift */,
				504C5381264CD0DD00C640E5 /* Assets.xcassets */,
				504C5386264CD0DD00C640E5 /* Persistence.swift */,
				504C538B264CD0DD00C640E5 /* Info.plist */,
				504C5388264CD0DD00C640E5 /* time_counter.xcdatamodeld */,
				504C5383264CD0DD00C640E5 /* Preview Content */,
			);
			path = "time-counter";
			sourceTree = "<group>";
		};
		504C5383264CD0DD00C640E5 /* Preview Content */ = {
			isa = PBXGroup;
			children = (
				504C5384264CD0DD00C640E5 /* Preview Assets.xcassets */,
			);
			path = "Preview Content";
			sourceTree = "<group>";
		};
/* End PBXGroup section */

/* Begin PBXNativeTarget section */
		504C5379264CD0DB00C640E5 /* time-counter */ = {
			isa = PBXNativeTarget;
			buildConfigurationList = 504C538E264CD0DD00C640E5 /* Build configuration list for PBXNativeTarget "time-counter" */;
			buildPhases = (
				504C5376264CD0DB00C640E5 /* Sources */,
				504C5377264CD0DB00C640E5 /* Frameworks */,
				504C5378264CD0DB00C640E5 /* Resources */,
			);
			buildRules = (
			);
			dependencies = (
			);
			name = "time-counter";
			productName = "time-counter";
			productReference = 504C537A264CD0DB00C640E5 /* time-counter.app */;
			productType = "com.apple.product-type.application";
		};
/* End PBXNativeTarget section */

/* Begin PBXProject section */
		504C5372264CD0DB00C640E5 /* Project object */ = {
			isa = PBXProject;
			attributes = {
				LastSwiftUpdateCheck = 1250;
				LastUpgradeCheck = 1250;
				TargetAttributes = {
					504C5379264CD0DB00C640E5 = {
						CreatedOnToolsVersion = 12.5;
					};
				};
			};
			buildConfigurationList = 504C5375264CD0DB00C640E5 /* Build configuration list for PBXProject "time-counter" */;
			compatibilityVersion = "Xcode 9.3";
			developmentRegion = en;
			hasScannedForEncodings = 0;
			knownRegions = (
				en,
				Base,
			);
			mainGroup = 504C5371264CD0DB00C640E5;
			productRefGroup = 504C537B264CD0DB00C640E5 /* Products */;
			projectDirPath = "";
			projectRoot = "";
			targets = (
				504C5379264CD0DB00C640E5 /* time-counter */,
			);
		};
/* End PBXProject section */

/* Begin PBXResourcesBuildPhase section */
		504C5378264CD0DB00C640E5 /* Resources */ = {
			isa = PBXResourcesBuildPhase;
			buildActionMask = 2147483647;
			files = (
				504C5385264CD0DD00C640E5 /* Preview Assets.xcassets in Resources */,
				504C5382264CD0DD00C640E5 /* Assets.xcassets in Resources */,
			);
			runOnlyForDeploymentPostprocessing = 0;
		};
/* End PBXResourcesBuildPhase section */

/* Begin PBXSourcesBuildPhase section */
		504C5376264CD0DB00C640E5 /* Sources */ = {
			isa = PBXSourcesBuildPhase;
			buildActionMask = 2147483647;
			files = (
				504C5387264CD0DD00C640E5 /* Persistence.swift in Sources */,
				504C5380264CD0DB00C640E5 /* ContentView.swift in Sources */,
				504C537E264CD0DB00C640E5 /* time_counterApp.swift in Sources */,
				504C538A264CD0DD00C640E5 /* time_counter.xcdatamodeld in Sources */,
			);
			runOnlyForDeploymentPostprocessing = 0;
		};
/* End PBXSourcesBuildPhase section */

/* Begin XCBuildConfiguration section */
		504C538C264CD0DD00C640E5 /* Debug */ = {
			isa = XCBuildConfiguration;
			buildSettings = {
				ALWAYS_SEARCH_USER_PATHS = NO;
				CLANG_ANALYZER_NONNULL = YES;
				CLANG_ANALYZER_NUMBER_OBJECT_CONVERSION = YES_AGGRESSIVE;
				CLANG_CXX_LANGUAGE_STANDARD = "gnu++14";
				CLANG_CXX_LIBRARY = "libc++";
				CLANG_ENABLE_MODULES = YES;
				CLANG_ENABLE_OBJC_ARC = YES;
				CLANG_ENABLE_OBJC_WEAK = YES;
				CLANG_WARN_BLOCK_CAPTURE_AUTORELEASING = YES;
				CLANG_WARN_BOOL_CONVERSION = YES;
				CLANG_WARN_COMMA = YES;
				CLANG_WARN_CONSTANT_CONVERSION = YES;
				CLANG_WARN_DEPRECATED_OBJC_IMPLEMENTATIONS = YES;
				CLANG_WARN_DIRECT_OBJC_ISA_USAGE = YES_ERROR;
				CLANG_WARN_DOCUMENTATION_COMMENTS = YES;
				CLANG_WARN_EMPTY_BODY = YES;
				CLANG_WARN_ENUM_CONVERSION = YES;
				CLANG_WARN_INFINITE_RECURSION = YES;
				CLANG_WARN_INT_CONVERSION = YES;
				CLANG_WARN_NON_LITERAL_NULL_CONVERSION = YES;
				CLANG_WARN_OBJC_IMPLICIT_RETAIN_SELF = YES;
				CLANG_WARN_OBJC_LITERAL_CONVERSION = YES;
				CLANG_WARN_OBJC_ROOT_CLASS = YES_ERROR;
				CLANG_WARN_QUOTED_INCLUDE_IN_FRAMEWORK_HEADER = YES;
				CLANG_WARN_RANGE_LOOP_ANALYSIS = YES;
				CLANG_WARN_STRICT_PROTOTYPES = YES;
				CLANG_WARN_SUSPICIOUS_MOVE = YES;
				CLANG_WARN_UNGUARDED_AVAILABILITY = YES_AGGRESSIVE;
				CLANG_WARN_UNREACHABLE_CODE = YES;
				CLANG_WARN__DUPLICATE_METHOD_MATCH = YES;
				COPY_PHASE_STRIP = NO;
				DEBUG_INFORMATION_FORMAT = dwarf;
				ENABLE_STRICT_OBJC_MSGSEND = YES;
				ENABLE_TESTABILITY = YES;
				GCC_C_LANGUAGE_STANDARD = gnu11;
				GCC_DYNAMIC_NO_PIC = NO;
				GCC_NO_COMMON_BLOCKS = YES;
				GCC_OPTIMIZATION_LEVEL = 0;
				GCC_PREPROCESSOR_DEFINITIONS = (
					"DEBUG=1",
					"$(inherited)",
				);
				GCC_WARN_64_TO_32_BIT_CONVERSION = YES;
				GCC_WARN_ABOUT_RETURN_TYPE = YES_ERROR;
				GCC_WARN_UNDECLARED_SELECTOR = YES;
				GCC_WARN_UNINITIALIZED_AUTOS = YES_AGGRESSIVE;
				GCC_WARN_UNUSED_FUNCTION = YES;
				GCC_WARN_UNUSED_VARIABLE = YES;
				IPHONEOS_DEPLOYMENT_TARGET = 14.5;
				MTL_ENABLE_DEBUG_INFO = INCLUDE_SOURCE;
				MTL_FAST_MATH = YES;
				ONLY_ACTIVE_ARCH = YES;
				SDKROOT = iphoneos;
				SWIFT_ACTIVE_COMPILATION_CONDITIONS = DEBUG;
				SWIFT_OPTIMIZATION_LEVEL = "-Onone";
			};
			name = Debug;
		};
		504C538D264CD0DD00C640E5 /* Release */ = {
			isa = XCBuildConfiguration;
			buildSettings = {
				ALWAYS_SEARCH_USER_PATHS = NO;
				CLANG_ANALYZER_NONNULL = YES;
				CLANG_ANALYZER_NUMBER_OBJECT_CONVERSION = YES_AGGRESSIVE;
				CLANG_CXX_LANGUAGE_STANDARD = "gnu++14";
				CLANG_CXX_LIBRARY = "libc++";
				CLANG_ENABLE_MODULES = YES;
				CLANG_ENABLE_OBJC_ARC = YES;
				CLANG_ENABLE_OBJC_WEAK = YES;
				CLANG_WARN_BLOCK_CAPTURE_AUTORELEASING = YES;
				CLANG_WARN_BOOL_CONVERSION = YES;
				CLANG_WARN_COMMA = YES;
				CLANG_WARN_CONSTANT_CONVERSION = YES;
				CLANG_WARN_DEPRECATED_OBJC_IMPLEMENTATIONS = YES;
				CLANG_WARN_DIRECT_OBJC_ISA_USAGE = YES_ERROR;
				CLANG_WARN_DOCUMENTATION_COMMENTS = YES;
				CLANG_WARN_EMPTY_BODY = YES;
				CLANG_WARN_ENUM_CONVERSION = YES;
				CLANG_WARN_INFINITE_RECURSION = YES;
				CLANG_WARN_INT_CONVERSION = YES;
				CLANG_WARN_NON_LITERAL_NULL_CONVERSION = YES;
				CLANG_WARN_OBJC_IMPLICIT_RETAIN_SELF = YES;
				CLANG_WARN_OBJC_LITERAL_CONVERSION = YES;
				CLANG_WARN_OBJC_ROOT_CLASS = YES_ERROR;
				CLANG_WARN_QUOTED_INCLUDE_IN_FRAMEWORK_HEADER = YES;
				CLANG_WARN_RANGE_LOOP_ANALYSIS = YES;
				CLANG_WARN_STRICT_PROTOTYPES = YES;
				CLANG_WARN_SUSPICIOUS_MOVE = YES;
				CLANG_WARN_UNGUARDED_AVAILABILITY = YES_AGGRESSIVE;
				CLANG_WARN_UNREACHABLE_CODE = YES;
				CLANG_WARN__DUPLICATE_METHOD_MATCH = YES;
				COPY_PHASE_STRIP = NO;
				DEBUG_INFORMATION_FORMAT = "dwarf-with-dsym";
				ENABLE_NS_ASSERTIONS = NO;
				ENABLE_STRICT_OBJC_MSGSEND = YES;
				GCC_C_LANGUAGE_STANDARD = gnu11;
				GCC_NO_COMMON_BLOCKS = YES;
				GCC_WARN_64_TO_32_BIT_CONVERSION = YES;
				GCC_WARN_ABOUT_RETURN_TYPE = YES_ERROR;
				GCC_WARN_UNDECLARED_SELECTOR = YES;
				GCC_WARN_UNINITIALIZED_AUTOS = YES_AGGRESSIVE;
				GCC_WARN_UNUSED_FUNCTION = YES;
				GCC_WARN_UNUSED_VARIABLE = YES;
				IPHONEOS_DEPLOYMENT_TARGET = 14.5;
				MTL_ENABLE_DEBUG_INFO = NO;
				MTL_FAST_MATH = YES;
				SDKROOT = iphoneos;
				SWIFT_COMPILATION_MODE = wholemodule;
				SWIFT_OPTIMIZATION_LEVEL = "-O";
				VALIDATE_PRODUCT = YES;
			};
			name = Release;
		};
		504C538F264CD0DD00C640E5 /* Debug */ = {
			isa = XCBuildConfiguration;
			buildSettings = {
				ASSETCATALOG_COMPILER_APPICON_NAME = AppIcon;
				ASSETCATALOG_COMPILER_GLOBAL_ACCENT_COLOR_NAME = AccentColor;
				CODE_SIGN_STYLE = Automatic;
				DEVELOPMENT_ASSET_PATHS = "\"time-counter/Preview Content\"";
				DEVELOPMENT_TEAM = ZJDDP65ZQ3;
				ENABLE_PREVIEWS = YES;
				INFOPLIST_FILE = "time-counter/Info.plist";
				IPHONEOS_DEPLOYMENT_TARGET = 14.0;
				LD_RUNPATH_SEARCH_PATHS = (
					"$(inherited)",
					"@executable_path/Frameworks",
				);
				PRODUCT_BUNDLE_IDENTIFIER = "com.matheuslf.time-counter";
				PRODUCT_NAME = "$(TARGET_NAME)";
				SWIFT_VERSION = 5.0;
				TARGETED_DEVICE_FAMILY = "1,2";
			};
			name = Debug;
		};
		504C5390264CD0DD00C640E5 /* Release */ = {
			isa = XCBuildConfiguration;
			buildSettings = {
				ASSETCATALOG_COMPILER_APPICON_NAME = AppIcon;
				ASSETCATALOG_COMPILER_GLOBAL_ACCENT_COLOR_NAME = AccentColor;
				CODE_SIGN_STYLE = Automatic;
				DEVELOPMENT_ASSET_PATHS = "\"time-counter/Preview Content\"";
				DEVELOPMENT_TEAM = ZJDDP65ZQ3;
				ENABLE_PREVIEWS = YES;
				INFOPLIST_FILE = "time-counter/Info.plist";
				IPHONEOS_DEPLOYMENT_TARGET = 14.0;
				LD_RUNPATH_SEARCH_PATHS = (
					"$(inherited)",
					"@executable_path/Frameworks",
				);
				PRODUCT_BUNDLE_IDENTIFIER = "com.matheuslf.time-counter";
				PRODUCT_NAME = "$(TARGET_NAME)";
				SWIFT_VERSION = 5.0;
				TARGETED_DEVICE_FAMILY = "1,2";
			};
			name = Release;
		};
/* End XCBuildConfiguration section */

/* Begin XCConfigurationList section */
		504C5375264CD0DB00C640E5 /* Build configuration list for PBXProject "time-counter" */ = {
			isa = XCConfigurationList;
			buildConfigurations = (
				504C538C264CD0DD00C640E5 /* Debug */,
				504C538D264CD0DD00C640E5 /* Release */,
			);
			defaultConfigurationIsVisible = 0;
			defaultConfigurationName = Release;
		};
		504C538E264CD0DD00C640E5 /* Build configuration list for PBXNativeTarget "time-counter" */ = {
			isa = XCConfigurationList;
			buildConfigurations = (
				504C538F264CD0DD00C640E5 /* Debug */,
				504C5390264CD0DD00C640E5 /* Release */,
			);
			defaultConfigurationIsVisible = 0;
			defaultConfigurationName = Release;
		};
/* End XCConfigurationList section */

/* Begin XCVersionGroup section */
		504C5388264CD0DD00C640E5 /* time_counter.xcdatamodeld */ = {
			isa = XCVersionGroup;
			children = (
				504C5389264CD0DD00C640E5 /* time_counter.xcdatamodel */,
			);
			currentVersion = 504C5389264CD0DD00C640E5 /* time_counter.xcdatamodel */;
			path = time_counter.xcdatamodeld;
			sourceTree = "<group>";
			versionGroupType = wrapper.xcdatamodel;
		};
/* End XCVersionGroup section */
	};
	rootObject = 504C5372264CD0DB00C640E5 /* Project object */;
}
